
Microsoft Visual Studio Solution File, Format Version 12.00
# Visual Studio Version 17
VisualStudioVersion = 17.5.33414.496
MinimumVisualStudioVersion = 10.0.40219.1
Project("{8BC9CEB8-8B4A-11D0-8D11-00A0C91BC942}") = "AimBooster", "AimBooster\AimBooster.vcxproj", "{3C165909-AB37-4468-8333-BF3B131B7EE3}"
EndProject
Project("{8BC9CEB8-8B4A-11D0-8D11-00A0C91BC942}") = "Benchmark", "Benchmark\Benchmark.vcxproj", "{70FA42B5-2313-40D1-A5AB-AB9624096DD6}"
EndProject
Global
	GlobalSection(SolutionConfigurationPlatforms) = preSolution
		Debug|x64 = Debug|x64
		Debug|x86 = Debug|x86
		Release|x64 = Release|x64
		Release|x86 = Release|x86
	EndGlobalSection
	GlobalSection(ProjectConfigurationPlatforms) = postSolution
		{3C165909-AB37-4468-8333-BF3B131B7EE3}.Debug|x64.ActiveCfg = Debug|x64
		{3C165909-AB37-4468-8333-BF3B131B7EE3}.Debug|x64.Build.0 = Debug|x64
		{3C165909-AB37-4468-8333-BF3B131B7EE3}.Debug|x86.ActiveCfg = Debug|Win32
		{3C165909-AB37-4468-8333-BF3B131B7EE3}.Debug|x86.Build.0 = Debug|Win32
		{3C165909-AB37-4468-8333-BF3B131B7EE3}.Release|x64.ActiveCfg = Release|x64
		{3C165909-AB37-4468-8333-BF3B131B7EE3}.Release|x64.Build.0 = Release|x64
		{3C165909-AB37-4468-8333-BF3B131B7EE3}.Release|x86.ActiveCfg = Release|Win32
		{3C165909-AB37-4468-8333-BF3B131B7EE3}.Release|x86.Build.0 = Release|Win32
		{70FA42B5-2313-40D1-A5AB-AB9624096DD6}.Debug|x64.ActiveCfg = Debug|x64
		{70FA42B5-2313-40D1-A5AB-AB9624096DD6}.Debug|x64.Build.0 = Debug|x64
		{70FA42B5-2313-40D1-A5AB-AB9624096DD6}.Debug|x86.ActiveCfg = Debug|Win32
		{70FA42B5-2313-40D1-A5AB-AB9624096DD6}.Debug|x86.Build.0 = Debug|Win32
		{70FA42B5-2313-40D1-A5AB-AB9624096DD6}.Release|x64.ActiveCfg = Release|x64
		{70FA42B5-2313-40D1-A5AB-AB9624096DD6}.Release|x64.Build.0 = Release|x64
		{70FA42B5-2313-40D1-A5AB-AB9624096DD6}.Release|x86.ActiveCfg = Release|Win32
		{70FA42B5-2313-40D1-A5AB-AB9624096DD6}.Release|x86.Build.0 = Release|Win32
	EndGlobalSection
	GlobalSection(SolutionProperties) = preSolution
		HideSolutionNode = FALSE
	EndGlobalSection
	GlobalSection(ExtensibilityGlobals) = postSolution
		SolutionGuid = {C934CB77-1102-4C0B-9D9B-1F744AD641E1}
	EndGlobalSection
EndGlobal
